
Microsoft Visual Studio Solution File, Format Version 12.00
# Visual Studio for Mac
Project("{FAE04EC0-301F-11D3-BF4B-00C04F79EFBC}") = "Improbable.Gdk.Generated", "Improbable.Gdk.Generated.csproj", "{A283B284-E93C-AE32-8AC5-6D91FB9883FB}"
EndProject
Project("{FAE04EC0-301F-11D3-BF4B-00C04F79EFBC}") = "Improbable.Gdk.Generated.BuildSystem", "Improbable.Gdk.Generated.BuildSystem.csproj", "{B0621F6E-7C9A-4877-788D-1A674367F090}"
EndProject
Global
	GlobalSection(SolutionConfigurationPlatforms) = preSolution
		Debug|Any CPU = Debug|Any CPU
		Release|Any CPU = Release|Any CPU
	EndGlobalSection
	GlobalSection(ProjectConfigurationPlatforms) = postSolution
		{A283B284-E93C-AE32-8AC5-6D91FB9883FB}.Debug|Any CPU.ActiveCfg = Debug|Any CPU
		{A283B284-E93C-AE32-8AC5-6D91FB9883FB}.Debug|Any CPU.Build.0 = Debug|Any CPU
		{A283B284-E93C-AE32-8AC5-6D91FB9883FB}.Release|Any CPU.ActiveCfg = Release|Any CPU
		{A283B284-E93C-AE32-8AC5-6D91FB9883FB}.Release|Any CPU.Build.0 = Release|Any CPU
		{B0621F6E-7C9A-4877-788D-1A674367F090}.Debug|Any CPU.ActiveCfg = Debug|Any CPU
		{B0621F6E-7C9A-4877-788D-1A674367F090}.Debug|Any CPU.Build.0 = Debug|Any CPU
		{B0621F6E-7C9A-4877-788D-1A674367F090}.Release|Any CPU.ActiveCfg = Release|Any CPU
		{B0621F6E-7C9A-4877-788D-1A674367F090}.Release|Any CPU.Build.0 = Release|Any CPU
	EndGlobalSection
	GlobalSection(SolutionProperties) = preSolution
		HideSolutionNode = FALSE
	EndGlobalSection
	GlobalSection(MonoDevelopProperties) = preSolution
		StartupItem = Assembly-CSharp.csproj
	EndGlobalSection
EndGlobal
